Microsoft Visual Studio Solution File, Format Version 12.00
# Visual Studio 2012
Project("{FAE04EC0-301F-11D3-BF4B-00C04F79EFBC}") = "CyberBullySurvivors", "CyberBullySurvivors.csproj", "{5CBA281E-4E02-4EC9-A443-5A051E1F3F0A}"
EndProject
Global
	GlobalSection(SolutionConfigurationPlatforms) = preSolution
	Debug|Any CPU = Debug|Any CPU
	ExportDebug|Any CPU = ExportDebug|Any CPU
	ExportRelease|Any CPU = ExportRelease|Any CPU
	EndGlobalSection
	GlobalSection(ProjectConfigurationPlatforms) = postSolution
		{5CBA281E-4E02-4EC9-A443-5A051E1F3F0A}.Debug|Any CPU.ActiveCfg = Debug|Any CPU
		{5CBA281E-4E02-4EC9-A443-5A051E1F3F0A}.Debug|Any CPU.Build.0 = Debug|Any CPU
		{5CBA281E-4E02-4EC9-A443-5A051E1F3F0A}.ExportDebug|Any CPU.ActiveCfg = ExportDebug|Any CPU
		{5CBA281E-4E02-4EC9-A443-5A051E1F3F0A}.ExportDebug|Any CPU.Build.0 = ExportDebug|Any CPU
		{5CBA281E-4E02-4EC9-A443-5A051E1F3F0A}.ExportRelease|Any CPU.ActiveCfg = ExportRelease|Any CPU
		{5CBA281E-4E02-4EC9-A443-5A051E1F3F0A}.ExportRelease|Any CPU.Build.0 = ExportRelease|Any CPU
	EndGlobalSection
EndGlobal
